// !$*UTF8*$!
{
	archiveVersion = 1;
	classes = {
	};
	objectVersion = 56;
	objects = {

/* Begin PBXBuildFile section */
		9B8AB8D72CFE2D4F00FD6350 /* SwiftWorkshopAppApp.swift in Sources */ = {isa = PBXBuildFile; fileRef = 9B8AB8D62CFE2D4F00FD6350 /* SwiftWorkshopAppApp.swift */; };
		9B8AB8D92CFE2D4F00FD6350 /* ContentView.swift in Sources */ = {isa = PBXBuildFile; fileRef = 9B8AB8D82CFE2D4F00FD6350 /* ContentView.swift */; };
		9B8AB8DB2CFE2D4F00FD6350 /* Assets.xcassets in Resources */ = {isa = PBXBuildFile; fileRef = 9B8AB8DA2CFE2D4F00FD6350 /* Assets.xcassets */; };
		9B8AB8DE2CFE2D4F00FD6350 /* Preview Assets.xcassets in Resources */ = {isa = PBXBuildFile; fileRef = 9B8AB8DD2CFE2D4F00FD6350 /* Preview Assets.xcassets */; };
		9BBCC9E52CFF7B57007D3C6F /* FirebaseAuth in Frameworks */ = {isa = PBXBuildFile; productRef = 9BBCC9E42CFF7B57007D3C6F /* FirebaseAuth */; };
		9BBCC9E72CFF7B57007D3C6F /* FirebaseDatabase in Frameworks */ = {isa = PBXBuildFile; productRef = 9BBCC9E62CFF7B57007D3C6F /* FirebaseDatabase */; };
		9BBCC9E92CFF7B57007D3C6F /* FirebaseFirestore in Frameworks */ = {isa = PBXBuildFile; productRef = 9BBCC9E82CFF7B57007D3C6F /* FirebaseFirestore */; };
		9BBCC9EB2CFF7EAE007D3C6F /* GoogleService-Info.plist in Resources */ = {isa = PBXBuildFile; fileRef = 9BBCC9EA2CFF7EAE007D3C6F /* GoogleService-Info.plist */; };
		9BBCC9EE2CFF7F29007D3C6F /* AuthViewModel.swift in Sources */ = {isa = PBXBuildFile; fileRef = 9BBCC9ED2CFF7F29007D3C6F /* AuthViewModel.swift */; };
		9BBCC9F32D00C9CC007D3C6F /* AppNavigation.swift in Sources */ = {isa = PBXBuildFile; fileRef = 9BBCC9F22D00C9CC007D3C6F /* AppNavigation.swift */; };
		9BBCC9F62D00CBE2007D3C6F /* Project.swift in Sources */ = {isa = PBXBuildFile; fileRef = 9BBCC9F52D00CBE2007D3C6F /* Project.swift */; };
		9BBCC9F82D00CF75007D3C6F /* NewProjectForm.swift in Sources */ = {isa = PBXBuildFile; fileRef = 9BBCC9F72D00CF75007D3C6F /* NewProjectForm.swift */; };
		9BBCC9FA2D00D665007D3C6F /* ProjectsList.swift in Sources */ = {isa = PBXBuildFile; fileRef = 9BBCC9F92D00D665007D3C6F /* ProjectsList.swift */; };
		9BBCC9FC2D00DA70007D3C6F /* ProjectsViewModel.swift in Sources */ = {isa = PBXBuildFile; fileRef = 9BBCC9FB2D00DA70007D3C6F /* ProjectsViewModel.swift */; };
/* End PBXBuildFile section */

/* Begin PBXFileReference section */
		9B8AB8D32CFE2D4F00FD6350 /* SwiftWorkshopApp.app */ = {isa = PBXFileReference; explicitFileType = wrapper.application; includeInIndex = 0; path = SwiftWorkshopApp.app; sourceTree = BUILT_PRODUCTS_DIR; };
		9B8AB8D62CFE2D4F00FD6350 /* SwiftWorkshopAppApp.swift */ = {isa = PBXFileReference; lastKnownFileType = sourcecode.swift; path = SwiftWorkshopAppApp.swift; sourceTree = "<group>"; };
		9B8AB8D82CFE2D4F00FD6350 /* ContentView.swift */ = {isa = PBXFileReference; lastKnownFileType = sourcecode.swift; path = ContentView.swift; sourceTree = "<group>"; };
		9B8AB8DA2CFE2D4F00FD6350 /* Assets.xcassets */ = {isa = PBXFileReference; lastKnownFileType = folder.assetcatalog; path = Assets.xcassets; sourceTree = "<group>"; };
		9B8AB8DD2CFE2D4F00FD6350 /* Preview Assets.xcassets */ = {isa = PBXFileReference; lastKnownFileType = folder.assetcatalog; path = "Preview Assets.xcassets"; sourceTree = "<group>"; };
		9BBCC9EA2CFF7EAE007D3C6F /* GoogleService-Info.plist */ = {isa = PBXFileReference; fileEncoding = 4; lastKnownFileType = text.plist.xml; name = "GoogleService-Info.plist"; path = "SwiftWorkshopApp/GoogleService-Info.plist"; sourceTree = SOURCE_ROOT; };
		9BBCC9ED2CFF7F29007D3C6F /* AuthViewModel.swift */ = {isa = PBXFileReference; lastKnownFileType = sourcecode.swift; path = AuthViewModel.swift; sourceTree = "<group>"; };
		9BBCC9F22D00C9CC007D3C6F /* AppNavigation.swift */ = {isa = PBXFileReference; lastKnownFileType = sourcecode.swift; path = AppNavigation.swift; sourceTree = "<group>"; };
		9BBCC9F52D00CBE2007D3C6F /* Project.swift */ = {isa = PBXFileReference; lastKnownFileType = sourcecode.swift; path = Project.swift; sourceTree = "<group>"; };
		9BBCC9F72D00CF75007D3C6F /* NewProjectForm.swift */ = {isa = PBXFileReference; lastKnownFileType = sourcecode.swift; path = NewProjectForm.swift; sourceTree = "<group>"; };
		9BBCC9F92D00D665007D3C6F /* ProjectsList.swift */ = {isa = PBXFileReference; lastKnownFileType = sourcecode.swift; path = ProjectsList.swift; sourceTree = "<group>"; };
		9BBCC9FB2D00DA70007D3C6F /* ProjectsViewModel.swift */ = {isa = PBXFileReference; lastKnownFileType = sourcecode.swift; path = ProjectsViewModel.swift; sourceTree = "<group>"; };
/* End PBXFileReference section */

/* Begin PBXFrameworksBuildPhase section */
		9B8AB8D02CFE2D4E00FD6350 /* Frameworks */ = {
			isa = PBXFrameworksBuildPhase;
			buildActionMask = 2147483647;
			files = (
				9BBCC9E72CFF7B57007D3C6F /* FirebaseDatabase in Frameworks */,
				9BBCC9E52CFF7B57007D3C6F /* FirebaseAuth in Frameworks */,
				9BBCC9E92CFF7B57007D3C6F /* FirebaseFirestore in Frameworks */,
			);
			runOnlyForDeploymentPostprocessing = 0;
		};
/* End PBXFrameworksBuildPhase section */

/* Begin PBXGroup section */
		9B8AB8CA2CFE2D4E00FD6350 = {
			isa = PBXGroup;
			children = (
				9B8AB8D52CFE2D4F00FD6350 /* SwiftWorkshopApp */,
				9B8AB8D42CFE2D4F00FD6350 /* Products */,
			);
			sourceTree = "<group>";
		};
		9B8AB8D42CFE2D4F00FD6350 /* Products */ = {
			isa = PBXGroup;
			children = (
				9B8AB8D32CFE2D4F00FD6350 /* SwiftWorkshopApp.app */,
			);
			name = Products;
			sourceTree = "<group>";
		};
		9B8AB8D52CFE2D4F00FD6350 /* SwiftWorkshopApp */ = {
			isa = PBXGroup;
			children = (
				9B8AB8D62CFE2D4F00FD6350 /* SwiftWorkshopAppApp.swift */,
				9BBCC9F42D00CBCA007D3C6F /* Model */,
				9BBCC9EC2CFF7F08007D3C6F /* ViewModel */,
				9BBCC9EA2CFF7EAE007D3C6F /* GoogleService-Info.plist */,
				9BBCC9EF2D00C98A007D3C6F /* Navigation */,
				9B8AB8E42CFE2EC100FD6350 /* View */,
				9B8AB8DA2CFE2D4F00FD6350 /* Assets.xcassets */,
				9B8AB8DC2CFE2D4F00FD6350 /* Preview Content */,
			);
			path = SwiftWorkshopApp;
			sourceTree = "<group>";
		};
		9B8AB8DC2CFE2D4F00FD6350 /* Preview Content */ = {
			isa = PBXGroup;
			children = (
				9B8AB8DD2CFE2D4F00FD6350 /* Preview Assets.xcassets */,
			);
			path = "Preview Content";
			sourceTree = "<group>";
		};
		9B8AB8E42CFE2EC100FD6350 /* View */ = {
			isa = PBXGroup;
			children = (
				9B8AB8D82CFE2D4F00FD6350 /* ContentView.swift */,
				9BBCC9F72D00CF75007D3C6F /* NewProjectForm.swift */,
				9BBCC9F92D00D665007D3C6F /* ProjectsList.swift */,
			);
			path = View;
			sourceTree = "<group>";
		};
		9BBCC9EC2CFF7F08007D3C6F /* ViewModel */ = {
			isa = PBXGroup;
			children = (
				9BBCC9ED2CFF7F29007D3C6F /* AuthViewModel.swift */,
				9BBCC9FB2D00DA70007D3C6F /* ProjectsViewModel.swift */,
			);
			path = ViewModel;
			sourceTree = "<group>";
		};
		9BBCC9EF2D00C98A007D3C6F /* Navigation */ = {
			isa = PBXGroup;
			children = (
				9BBCC9F22D00C9CC007D3C6F /* AppNavigation.swift */,
			);
			path = Navigation;
			sourceTree = "<group>";
		};
		9BBCC9F42D00CBCA007D3C6F /* Model */ = {
			isa = PBXGroup;
			children = (
				9BBCC9F52D00CBE2007D3C6F /* Project.swift */,
			);
			path = Model;
			sourceTree = "<group>";
		};
/* End PBXGroup section */

/* Begin PBXNativeTarget section */
		9B8AB8D22CFE2D4E00FD6350 /* SwiftWorkshopApp */ = {
			isa = PBXNativeTarget;
			buildConfigurationList = 9B8AB8E12CFE2D4F00FD6350 /* Build configuration list for PBXNativeTarget "SwiftWorkshopApp" */;
			buildPhases = (
				9B8AB8CF2CFE2D4E00FD6350 /* Sources */,
				9B8AB8D02CFE2D4E00FD6350 /* Frameworks */,
				9B8AB8D12CFE2D4E00FD6350 /* Resources */,
			);
			buildRules = (
			);
			dependencies = (
			);
			name = SwiftWorkshopApp;
			packageProductDependencies = (
				9BBCC9E42CFF7B57007D3C6F /* FirebaseAuth */,
				9BBCC9E62CFF7B57007D3C6F /* FirebaseDatabase */,
				9BBCC9E82CFF7B57007D3C6F /* FirebaseFirestore */,
			);
			productName = SwiftWorkshopApp;
			productReference = 9B8AB8D32CFE2D4F00FD6350 /* SwiftWorkshopApp.app */;
			productType = "com.apple.product-type.application";
		};
/* End PBXNativeTarget section */

/* Begin PBXProject section */
		9B8AB8CB2CFE2D4E00FD6350 /* Project object */ = {
			isa = PBXProject;
			attributes = {
				BuildIndependentTargetsInParallel = 1;
				LastSwiftUpdateCheck = 1540;
				LastUpgradeCheck = 1540;
				TargetAttributes = {
					9B8AB8D22CFE2D4E00FD6350 = {
						CreatedOnToolsVersion = 15.4;
					};
				};
			};
			buildConfigurationList = 9B8AB8CE2CFE2D4E00FD6350 /* Build configuration list for PBXProject "SwiftWorkshopApp" */;
			compatibilityVersion = "Xcode 14.0";
			developmentRegion = en;
			hasScannedForEncodings = 0;
			knownRegions = (
				en,
				Base,
			);
			mainGroup = 9B8AB8CA2CFE2D4E00FD6350;
			packageReferences = (
				9BBCC9E32CFF7B57007D3C6F /* XCRemoteSwiftPackageReference "firebase-ios-sdk" */,
			);
			productRefGroup = 9B8AB8D42CFE2D4F00FD6350 /* Products */;
			projectDirPath = "";
			projectRoot = "";
			targets = (
				9B8AB8D22CFE2D4E00FD6350 /* SwiftWorkshopApp */,
			);
		};
/* End PBXProject section */

/* Begin PBXResourcesBuildPhase section */
		9B8AB8D12CFE2D4E00FD6350 /* Resources */ = {
			isa = PBXResourcesBuildPhase;
			buildActionMask = 2147483647;
			files = (
				9B8AB8DE2CFE2D4F00FD6350 /* Preview Assets.xcassets in Resources */,
				9B8AB8DB2CFE2D4F00FD6350 /* Assets.xcassets in Resources */,
				9BBCC9EB2CFF7EAE007D3C6F /* GoogleService-Info.plist in Resources */,
			);
			runOnlyForDeploymentPostprocessing = 0;
		};
/* End PBXResourcesBuildPhase section */

/* Begin PBXSourcesBuildPhase section */
		9B8AB8CF2CFE2D4E00FD6350 /* Sources */ = {
			isa = PBXSourcesBuildPhase;
			buildActionMask = 2147483647;
			files = (
				9BBCC9FC2D00DA70007D3C6F /* ProjectsViewModel.swift in Sources */,
				9BBCC9F82D00CF75007D3C6F /* NewProjectForm.swift in Sources */,
				9B8AB8D92CFE2D4F00FD6350 /* ContentView.swift in Sources */,
				9BBCC9FA2D00D665007D3C6F /* ProjectsList.swift in Sources */,
				9B8AB8D72CFE2D4F00FD6350 /* SwiftWorkshopAppApp.swift in Sources */,
				9BBCC9EE2CFF7F29007D3C6F /* AuthViewModel.swift in Sources */,
				9BBCC9F62D00CBE2007D3C6F /* Project.swift in Sources */,
				9BBCC9F32D00C9CC007D3C6F /* AppNavigation.swift in Sources */,
			);
			runOnlyForDeploymentPostprocessing = 0;
		};
/* End PBXSourcesBuildPhase section */

/* Begin XCBuildConfiguration section */
		9B8AB8DF2CFE2D4F00FD6350 /* Debug */ = {
			isa = XCBuildConfiguration;
			buildSettings = {
				ALWAYS_SEARCH_USER_PATHS = NO;
				ASSETCATALOG_COMPILER_GENERATE_SWIFT_ASSET_SYMBOL_EXTENSIONS = YES;
				CLANG_ANALYZER_NONNULL = YES;
				CLANG_ANALYZER_NUMBER_OBJECT_CONVERSION = YES_AGGRESSIVE;
				CLANG_CXX_LANGUAGE_STANDARD = "gnu++20";
				CLANG_ENABLE_MODULES = YES;
				CLANG_ENABLE_OBJC_ARC = YES;
				CLANG_ENABLE_OBJC_WEAK = YES;
				CLANG_WARN_BLOCK_CAPTURE_AUTORELEASING = YES;
				CLANG_WARN_BOOL_CONVERSION = YES;
				CLANG_WARN_COMMA = YES;
				CLANG_WARN_CONSTANT_CONVERSION = YES;
				CLANG_WARN_DEPRECATED_OBJC_IMPLEMENTATIONS = YES;
				CLANG_WARN_DIRECT_OBJC_ISA_USAGE = YES_ERROR;
				CLANG_WARN_DOCUMENTATION_COMMENTS = YES;
				CLANG_WARN_EMPTY_BODY = YES;
				CLANG_WARN_ENUM_CONVERSION = YES;
				CLANG_WARN_INFINITE_RECURSION = YES;
				CLANG_WARN_INT_CONVERSION = YES;
				CLANG_WARN_NON_LITERAL_NULL_CONVERSION = YES;
				CLANG_WARN_OBJC_IMPLICIT_RETAIN_SELF = YES;
				CLANG_WARN_OBJC_LITERAL_CONVERSION = YES;
				CLANG_WARN_OBJC_ROOT_CLASS = YES_ERROR;
				CLANG_WARN_QUOTED_INCLUDE_IN_FRAMEWORK_HEADER = YES;
				CLANG_WARN_RANGE_LOOP_ANALYSIS = YES;
				CLANG_WARN_STRICT_PROTOTYPES = YES;
				CLANG_WARN_SUSPICIOUS_MOVE = YES;
				CLANG_WARN_UNGUARDED_AVAILABILITY = YES_AGGRESSIVE;
				CLANG_WARN_UNREACHABLE_CODE = YES;
				CLANG_WARN__DUPLICATE_METHOD_MATCH = YES;
				COPY_PHASE_STRIP = NO;
				DEBUG_INFORMATION_FORMAT = dwarf;
				ENABLE_STRICT_OBJC_MSGSEND = YES;
				ENABLE_TESTABILITY = YES;
				ENABLE_USER_SCRIPT_SANDBOXING = YES;
				GCC_C_LANGUAGE_STANDARD = gnu17;
				GCC_DYNAMIC_NO_PIC = NO;
				GCC_NO_COMMON_BLOCKS = YES;
				GCC_OPTIMIZATION_LEVEL = 0;
				GCC_PREPROCESSOR_DEFINITIONS = (
					"DEBUG=1",
					"$(inherited)",
				);
				GCC_WARN_64_TO_32_BIT_CONVERSION = YES;
				GCC_WARN_ABOUT_RETURN_TYPE = YES_ERROR;
				GCC_WARN_UNDECLARED_SELECTOR = YES;
				GCC_WARN_UNINITIALIZED_AUTOS = YES_AGGRESSIVE;
				GCC_WARN_UNUSED_FUNCTION = YES;
				GCC_WARN_UNUSED_VARIABLE = YES;
				IPHONEOS_DEPLOYMENT_TARGET = 17.5;
				LOCALIZATION_PREFERS_STRING_CATALOGS = YES;
				MTL_ENABLE_DEBUG_INFO = INCLUDE_SOURCE;
				MTL_FAST_MATH = YES;
				ONLY_ACTIVE_ARCH = YES;
				SDKROOT = iphoneos;
				SWIFT_ACTIVE_COMPILATION_CONDITIONS = "DEBUG $(inherited)";
				SWIFT_OPTIMIZATION_LEVEL = "-Onone";
			};
			name = Debug;
		};
		9B8AB8E02CFE2D4F00FD6350 /* Release */ = {
			isa = XCBuildConfiguration;
			buildSettings = {
				ALWAYS_SEARCH_USER_PATHS = NO;
				ASSETCATALOG_COMPILER_GENERATE_SWIFT_ASSET_SYMBOL_EXTENSIONS = YES;
				CLANG_ANALYZER_NONNULL = YES;
				CLANG_ANALYZER_NUMBER_OBJECT_CONVERSION = YES_AGGRESSIVE;
				CLANG_CXX_LANGUAGE_STANDARD = "gnu++20";
				CLANG_ENABLE_MODULES = YES;
				CLANG_ENABLE_OBJC_ARC = YES;
				CLANG_ENABLE_OBJC_WEAK = YES;
				CLANG_WARN_BLOCK_CAPTURE_AUTORELEASING = YES;
				CLANG_WARN_BOOL_CONVERSION = YES;
				CLANG_WARN_COMMA = YES;
				CLANG_WARN_CONSTANT_CONVERSION = YES;
				CLANG_WARN_DEPRECATED_OBJC_IMPLEMENTATIONS = YES;
				CLANG_WARN_DIRECT_OBJC_ISA_USAGE = YES_ERROR;
				CLANG_WARN_DOCUMENTATION_COMMENTS = YES;
				CLANG_WARN_EMPTY_BODY = YES;
				CLANG_WARN_ENUM_CONVERSION = YES;
				CLANG_WARN_INFINITE_RECURSION = YES;
				CLANG_WARN_INT_CONVERSION = YES;
				CLANG_WARN_NON_LITERAL_NULL_CONVERSION = YES;
				CLANG_WARN_OBJC_IMPLICIT_RETAIN_SELF = YES;
				CLANG_WARN_OBJC_LITERAL_CONVERSION = YES;
				CLANG_WARN_OBJC_ROOT_CLASS = YES_ERROR;
				CLANG_WARN_QUOTED_INCLUDE_IN_FRAMEWORK_HEADER = YES;
				CLANG_WARN_RANGE_LOOP_ANALYSIS = YES;
				CLANG_WARN_STRICT_PROTOTYPES = YES;
				CLANG_WARN_SUSPICIOUS_MOVE = YES;
				CLANG_WARN_UNGUARDED_AVAILABILITY = YES_AGGRESSIVE;
				CLANG_WARN_UNREACHABLE_CODE = YES;
				CLANG_WARN__DUPLICATE_METHOD_MATCH = YES;
				COPY_PHASE_STRIP = NO;
				DEBUG_INFORMATION_FORMAT = "dwarf-with-dsym";
				ENABLE_NS_ASSERTIONS = NO;
				ENABLE_STRICT_OBJC_MSGSEND = YES;
				ENABLE_USER_SCRIPT_SANDBOXING = YES;
				GCC_C_LANGUAGE_STANDARD = gnu17;
				GCC_NO_COMMON_BLOCKS = YES;
				GCC_WARN_64_TO_32_BIT_CONVERSION = YES;
				GCC_WARN_ABOUT_RETURN_TYPE = YES_ERROR;
				GCC_WARN_UNDECLARED_SELECTOR = YES;
				GCC_WARN_UNINITIALIZED_AUTOS = YES_AGGRESSIVE;
				GCC_WARN_UNUSED_FUNCTION = YES;
				GCC_WARN_UNUSED_VARIABLE = YES;
				IPHONEOS_DEPLOYMENT_TARGET = 17.5;
				LOCALIZATION_PREFERS_STRING_CATALOGS = YES;
				MTL_ENABLE_DEBUG_INFO = NO;
				MTL_FAST_MATH = YES;
				SDKROOT = iphoneos;
				SWIFT_COMPILATION_MODE = wholemodule;
				VALIDATE_PRODUCT = YES;
			};
			name = Release;
		};
		9B8AB8E22CFE2D4F00FD6350 /* Debug */ = {
			isa = XCBuildConfiguration;
			buildSettings = {
				ASSETCATALOG_COMPILER_APPICON_NAME = AppIcon;
				ASSETCATALOG_COMPILER_GLOBAL_ACCENT_COLOR_NAME = AccentColor;
				CODE_SIGN_STYLE = Automatic;
				CURRENT_PROJECT_VERSION = 1;
				DEVELOPMENT_ASSET_PATHS = "\"SwiftWorkshopApp/Preview Content\"";
				ENABLE_PREVIEWS = YES;
				GENERATE_INFOPLIST_FILE = YES;
				INFOPLIST_KEY_UIApplicationSceneManifest_Generation = YES;
				INFOPLIST_KEY_UIApplicationSupportsIndirectInputEvents = YES;
				INFOPLIST_KEY_UILaunchScreen_Generation = YES;
				INFOPLIST_KEY_UISupportedInterfaceOrientations_iPad = "UIInterfaceOrientationPortrait UIInterfaceOrientationPortraitUpsideDown UIInterfaceOrientationLandscapeLeft UIInterfaceOrientationLandscapeRight";
				INFOPLIST_KEY_UISupportedInterfaceOrientations_iPhone = "UIInterfaceOrientationPortrait UIInterfaceOrientationLandscapeLeft UIInterfaceOrientationLandscapeRight";
				LD_RUNPATH_SEARCH_PATHS = (
					"$(inherited)",
					"@executable_path/Frameworks",
				);
				MARKETING_VERSION = 1.0;
				PRODUCT_BUNDLE_IDENTIFIER = test.SwiftWorkshopApp;
				PRODUCT_NAME = "$(TARGET_NAME)";
				SWIFT_EMIT_LOC_STRINGS = YES;
				SWIFT_VERSION = 5.0;
				TARGETED_DEVICE_FAMILY = "1,2";
			};
			name = Debug;
		};
		9B8AB8E32CFE2D4F00FD6350 /* Release */ = {
			isa = XCBuildConfiguration;
			buildSettings = {
				ASSETCATALOG_COMPILER_APPICON_NAME = AppIcon;
				ASSETCATALOG_COMPILER_GLOBAL_ACCENT_COLOR_NAME = AccentColor;
				CODE_SIGN_STYLE = Automatic;
				CURRENT_PROJECT_VERSION = 1;
				DEVELOPMENT_ASSET_PATHS = "\"SwiftWorkshopApp/Preview Content\"";
				ENABLE_PREVIEWS = YES;
				GENERATE_INFOPLIST_FILE = YES;
				INFOPLIST_KEY_UIApplicationSceneManifest_Generation = YES;
				INFOPLIST_KEY_UIApplicationSupportsIndirectInputEvents = YES;
				INFOPLIST_KEY_UILaunchScreen_Generation = YES;
				INFOPLIST_KEY_UISupportedInterfaceOrientations_iPad = "UIInterfaceOrientationPortrait UIInterfaceOrientationPortraitUpsideDown UIInterfaceOrientationLandscapeLeft UIInterfaceOrientationLandscapeRight";
				INFOPLIST_KEY_UISupportedInterfaceOrientations_iPhone = "UIInterfaceOrientationPortrait UIInterfaceOrientationLandscapeLeft UIInterfaceOrientationLandscapeRight";
				LD_RUNPATH_SEARCH_PATHS = (
					"$(inherited)",
					"@executable_path/Frameworks",
				);
				MARKETING_VERSION = 1.0;
				PRODUCT_BUNDLE_IDENTIFIER = test.SwiftWorkshopApp;
				PRODUCT_NAME = "$(TARGET_NAME)";
				SWIFT_EMIT_LOC_STRINGS = YES;
				SWIFT_VERSION = 5.0;
				TARGETED_DEVICE_FAMILY = "1,2";
			};
			name = Release;
		};
/* End XCBuildConfiguration section */

/* Begin XCConfigurationList section */
		9B8AB8CE2CFE2D4E00FD6350 /* Build configuration list for PBXProject "SwiftWorkshopApp" */ = {
			isa = XCConfigurationList;
			buildConfigurations = (
				9B8AB8DF2CFE2D4F00FD6350 /* Debug */,
				9B8AB8E02CFE2D4F00FD6350 /* Release */,
			);
			defaultConfigurationIsVisible = 0;
			defaultConfigurationName = Release;
		};
		9B8AB8E12CFE2D4F00FD6350 /* Build configuration list for PBXNativeTarget "SwiftWorkshopApp" */ = {
			isa = XCConfigurationList;
			buildConfigurations = (
				9B8AB8E22CFE2D4F00FD6350 /* Debug */,
				9B8AB8E32CFE2D4F00FD6350 /* Release */,
			);
			defaultConfigurationIsVisible = 0;
			defaultConfigurationName = Release;
		};
/* End XCConfigurationList section */

/* Begin XCRemoteSwiftPackageReference section */
		9BBCC9E32CFF7B57007D3C6F /* XCRemoteSwiftPackageReference "firebase-ios-sdk" */ = {
			isa = XCRemoteSwiftPackageReference;
			repositoryURL = "https://github.com/firebase/firebase-ios-sdk";
			requirement = {
				kind = upToNextMajorVersion;
				minimumVersion = 11.6.0;
			};
		};
/* End XCRemoteSwiftPackageReference section */

/* Begin XCSwiftPackageProductDependency section */
		9BBCC9E42CFF7B57007D3C6F /* FirebaseAuth */ = {
			isa = XCSwiftPackageProductDependency;
			package = 9BBCC9E32CFF7B57007D3C6F /* XCRemoteSwiftPackageReference "firebase-ios-sdk" */;
			productName = FirebaseAuth;
		};
		9BBCC9E62CFF7B57007D3C6F /* FirebaseDatabase */ = {
			isa = XCSwiftPackageProductDependency;
			package = 9BBCC9E32CFF7B57007D3C6F /* XCRemoteSwiftPackageReference "firebase-ios-sdk" */;
			productName = FirebaseDatabase;
		};
		9BBCC9E82CFF7B57007D3C6F /* FirebaseFirestore */ = {
			isa = XCSwiftPackageProductDependency;
			package = 9BBCC9E32CFF7B57007D3C6F /* XCRemoteSwiftPackageReference "firebase-ios-sdk" */;
			productName = FirebaseFirestore;
		};
/* End XCSwiftPackageProductDependency section */
	};
	rootObject = 9B8AB8CB2CFE2D4E00FD6350 /* Project object */;
}
